{
  "name": "email-ping",
  "version": "1.0.0",
  "lockfileVersion": 1,
  "requires": true,
  "dependencies": {
    "email-check": {
      "version": "1.1.0",
      "resolved": "http://build.playstudios.asia:4873/email-check/-/email-check-1.1.0.tgz",
      "integrity": "sha1-AcV2WgFcIxH0YyHcBorGiiMRb2g=",
      "requires": {
        "js-promisify": "1.0.1"
      }
    },
    "js-promisify": {
      "version": "1.0.1",
      "resolved": "http://build.playstudios.asia:4873/js-promisify/-/js-promisify-1.0.1.tgz",
      "integrity": "sha1-xH4YvEGW5JIkjJ0aZjcBreHuPco="
    }
  }
}
